{
  "name": "rv-fios",
  "version": "1.0.0",
  "lockfileVersion": 1,
  "requires": true,
  "dependencies": {
    "sass": {
      "version": "1.0.0-beta.4",
      "resolved": "https://registry.npmjs.org/sass/-/sass-1.0.0-beta.4.tgz",
      "integrity": "sha1-is5YRRkEBwwwhpnnVvap1PkgJLU="
    },
    "zurb-foundation-5": {
      "version": "5.4.7",
      "resolved": "https://registry.npmjs.org/zurb-foundation-5/-/zurb-foundation-5-5.4.7.tgz",
      "integrity": "sha1-vZS76TyUs6ayJqwv3g6+7dZk4CQ="
    }
  }
}
